<?xml version="1.0" encoding="utf-8"?>
<Project ToolsVersion="4.0" xmlns="http://schemas.microsoft.com/developer/msbuild/2003">
  <ItemGroup>
    <Filter Include="源文件">
      <UniqueIdentifier>{4FC737F1-C7A5-4376-A066-2A32D752A2FF}</UniqueIdentifier>
      <Extensions>cpp;c;cc;cxx;c++;cppm;ixx;def;odl;idl;hpj;bat;asm;asmx</Extensions>
    </Filter>
    <Filter Include="头文件">
      <UniqueIdentifier>{93995380-89BD-4b04-88EB-625FBE52EBFB}</UniqueIdentifier>
      <Extensions>h;hh;hpp;hxx;h++;hm;inl;inc;ipp;xsd</Extensions>
    </Filter>
    <Filter Include="资源文件">
      <UniqueIdentifier>{67DA6AB6-F800-4c08-8B7A-83BB121AAD01}</UniqueIdentifier>
      <Extensions>rc;ico;cur;bmp;dlg;rc2;rct;bin;rgs;gif;jpg;jpeg;jpe;resx;tiff;tif;png;wav;mfcribbon-ms</Extensions>
    </Filter>
    <Filter Include="源文件\lib">
      <UniqueIdentifier>{60365c99-4fdb-4c8f-b2e6-582b457b64b7}</UniqueIdentifier>
    </Filter>
    <Filter Include="源文件\zip">
      <UniqueIdentifier>{99234e24-937b-4ec9-92a5-dc424d7c5824}</UniqueIdentifier>
    </Filter>
  </ItemGroup>
  <ItemGroup>
    <ClCompile Include="..\..\common\fcode\Buffer.cpp">
      <Filter>源文件</Filter>
    </ClCompile>
    <ClCompile Include="..\..\common\fcode\Code.cpp">
      <Filter>源文件</Filter>
    </ClCompile>
    <ClCompile Include="..\..\common\fcode\FAttr.cpp">
      <Filter>源文件</Filter>
    </ClCompile>
    <ClCompile Include="..\..\common\fcode\FPod.cpp">
      <Filter>源文件</Filter>
    </ClCompile>
    <ClCompile Include="..\..\common\fcode\FType.cpp">
      <Filter>源文件</Filter>
    </ClCompile>
    <ClCompile Include="..\..\common\fcode\PodLoader.cpp">
      <Filter>源文件</Filter>
    </ClCompile>
    <ClCompile Include="..\..\common\fcode\Printer.cpp">
      <Filter>源文件</Filter>
    </ClCompile>
    <ClCompile Include="..\..\common\fcode\ZipFile.cpp">
      <Filter>源文件</Filter>
    </ClCompile>
    <ClCompile Include="..\..\common\gc\Gc.cpp">
      <Filter>源文件</Filter>
    </ClCompile>
    <ClCompile Include="..\..\common\ir\FCodeUtil.cpp">
      <Filter>源文件</Filter>
    </ClCompile>
    <ClCompile Include="..\..\common\ir\IRMethod.cpp">
      <Filter>源文件</Filter>
    </ClCompile>
    <ClCompile Include="..\..\common\ir\IRType.cpp">
      <Filter>源文件</Filter>
    </ClCompile>
    <ClCompile Include="..\..\common\ir\MBuilder.cpp">
      <Filter>源文件</Filter>
    </ClCompile>
    <ClCompile Include="..\..\common\ir\Stmt.cpp">
      <Filter>源文件</Filter>
    </ClCompile>
    <ClCompile Include="..\..\common\util\escape.cpp">
      <Filter>源文件</Filter>
    </ClCompile>
    <ClCompile Include="..\..\common\util\LinkedList.c">
      <Filter>源文件</Filter>
    </ClCompile>
    <ClCompile Include="..\..\common\util\system.c">
      <Filter>源文件</Filter>
    </ClCompile>
    <ClCompile Include="..\..\common\util\tinycthread.c">
      <Filter>源文件</Filter>
    </ClCompile>
    <ClCompile Include="..\..\common\util\utf8.c">
      <Filter>源文件</Filter>
    </ClCompile>
    <ClCompile Include="..\..\fni\fni.cpp">
      <Filter>源文件</Filter>
    </ClCompile>
    <ClCompile Include="..\..\vm\vm\Env.cpp">
      <Filter>源文件</Filter>
    </ClCompile>
    <ClCompile Include="..\..\vm\vm\fni_ext.cpp">
      <Filter>源文件</Filter>
    </ClCompile>
    <ClCompile Include="..\..\vm\vm\Interpreter.cpp">
      <Filter>源文件</Filter>
    </ClCompile>
    <ClCompile Include="..\..\vm\vm\main.cpp">
      <Filter>源文件</Filter>
    </ClCompile>
    <ClCompile Include="..\..\vm\vm\NativeGen.cpp">
      <Filter>源文件</Filter>
    </ClCompile>
    <ClCompile Include="..\..\vm\vm\PodManager.cpp">
      <Filter>源文件</Filter>
    </ClCompile>
    <ClCompile Include="..\..\vm\vm\Vm.cpp">
      <Filter>源文件</Filter>
    </ClCompile>
    <ClCompile Include="..\..\vm\vm\type.cpp">
      <Filter>源文件</Filter>
    </ClCompile>
    <ClCompile Include="..\..\vm\vm\sys_runtime.cpp">
      <Filter>源文件</Filter>
    </ClCompile>
    <ClCompile Include="..\..\fni\std\pod_std_native.c">
      <Filter>源文件\lib</Filter>
    </ClCompile>
    <ClCompile Include="..\..\fni\std\pod_std_register.c">
      <Filter>源文件\lib</Filter>
    </ClCompile>
    <ClCompile Include="..\..\fni\sys\pod_sys_native.c">
      <Filter>源文件\lib</Filter>
    </ClCompile>
    <ClCompile Include="..\..\fni\sys\pod_sys_register.c">
      <Filter>源文件\lib</Filter>
    </ClCompile>
    <ClCompile Include="..\..\fni\std\std_AtomicBool.cpp">
      <Filter>源文件\lib</Filter>
    </ClCompile>
    <ClCompile Include="..\..\fni\std\std_AtomicInt.cpp">
      <Filter>源文件\lib</Filter>
    </ClCompile>
    <ClCompile Include="..\..\fni\std\std_AtomicRef.cpp">
      <Filter>源文件\lib</Filter>
    </ClCompile>
    <ClCompile Include="..\..\fni\std\std_BaseType.cpp">
      <Filter>源文件\lib</Filter>
    </ClCompile>
    <ClCompile Include="..\..\fni\std\std_BufCrypto.c">
      <Filter>源文件\lib</Filter>
    </ClCompile>
    <ClCompile Include="..\..\fni\std\std_DateTime.cpp">
      <Filter>源文件\lib</Filter>
    </ClCompile>
    <ClCompile Include="..\..\fni\std\std_Decimal.c">
      <Filter>源文件\lib</Filter>
    </ClCompile>
    <ClCompile Include="..\..\fni\std\std_Env.c">
      <Filter>源文件\lib</Filter>
    </ClCompile>
    <ClCompile Include="..\..\fni\std\std_Field.c">
      <Filter>源文件\lib</Filter>
    </ClCompile>
    <ClCompile Include="..\..\fni\std\std_FileBuf.c">
      <Filter>源文件\lib</Filter>
    </ClCompile>
    <ClCompile Include="..\..\fni\std\std_FileSystem.cpp">
      <Filter>源文件\lib</Filter>
    </ClCompile>
    <ClCompile Include="..\..\fni\std\std_Locale.cpp">
      <Filter>源文件\lib</Filter>
    </ClCompile>
    <ClCompile Include="..\..\fni\std\std_LocalFile.c">
      <Filter>源文件\lib</Filter>
    </ClCompile>
    <ClCompile Include="..\..\fni\std\std_Lock.cpp">
      <Filter>源文件\lib</Filter>
    </ClCompile>
    <ClCompile Include="..\..\fni\std\std_Math.c">
      <Filter>源文件\lib</Filter>
    </ClCompile>
    <ClCompile Include="..\..\fni\std\std_Method.c">
      <Filter>源文件\lib</Filter>
    </ClCompile>
    <ClCompile Include="..\..\fni\std\std_NativeCharset.cpp">
      <Filter>源文件\lib</Filter>
    </ClCompile>
    <ClCompile Include="..\..\fni\std\std_NioBuf.c">
      <Filter>源文件\lib</Filter>
    </ClCompile>
    <ClCompile Include="..\..\fni\std\std_Pod.cpp">
      <Filter>源文件\lib</Filter>
    </ClCompile>
    <ClCompile Include="..\..\fni\std\std_PodList.cpp">
      <Filter>源文件\lib</Filter>
    </ClCompile>
    <ClCompile Include="..\..\fni\std\std_Process.c">
      <Filter>源文件\lib</Filter>
    </ClCompile>
    <ClCompile Include="..\..\fni\std\std_Regex.cpp">
      <Filter>源文件\lib</Filter>
    </ClCompile>
    <ClCompile Include="..\..\fni\std\std_RegexMatcher.cpp">
      <Filter>源文件\lib</Filter>
    </ClCompile>
    <ClCompile Include="..\..\fni\std\std_SysInStream.c">
      <Filter>源文件\lib</Filter>
    </ClCompile>
    <ClCompile Include="..\..\fni\std\std_SysOutStream.c">
      <Filter>源文件\lib</Filter>
    </ClCompile>
    <ClCompile Include="..\..\fni\std\std_TimePoint.cpp">
      <Filter>源文件\lib</Filter>
    </ClCompile>
    <ClCompile Include="..\..\fni\std\std_TimeZone.c">
      <Filter>源文件\lib</Filter>
    </ClCompile>
    <ClCompile Include="..\..\fni\std\std_Type.c">
      <Filter>源文件\lib</Filter>
    </ClCompile>
    <ClCompile Include="..\..\fni\std\std_UuidFactory.c">
      <Filter>源文件\lib</Filter>
    </ClCompile>
    <ClCompile Include="..\..\fni\sys\sys_Array.c">
      <Filter>源文件\lib</Filter>
    </ClCompile>
    <ClCompile Include="..\..\fni\sys\sys_Bool.c">
      <Filter>源文件\lib</Filter>
    </ClCompile>
    <ClCompile Include="..\..\fni\sys\sys_Enum.c">
      <Filter>源文件\lib</Filter>
    </ClCompile>
    <ClCompile Include="..\..\fni\sys\sys_Float.c">
      <Filter>源文件\lib</Filter>
    </ClCompile>
    <ClCompile Include="..\..\fni\sys\sys_Func.c">
      <Filter>源文件\lib</Filter>
    </ClCompile>
    <ClCompile Include="..\..\fni\sys\sys_Int.c">
      <Filter>源文件\lib</Filter>
    </ClCompile>
    <ClCompile Include="..\..\fni\sys\sys_NativeC.c">
      <Filter>源文件\lib</Filter>
    </ClCompile>
    <ClCompile Include="..\..\fni\sys\sys_Num.c">
      <Filter>源文件\lib</Filter>
    </ClCompile>
    <ClCompile Include="..\..\fni\sys\sys_Obj.cpp">
      <Filter>源文件\lib</Filter>
    </ClCompile>
    <ClCompile Include="..\..\fni\sys\sys_Ptr.c">
      <Filter>源文件\lib</Filter>
    </ClCompile>
    <ClCompile Include="..\..\thirdparty\zlib\adler32.c">
      <Filter>源文件\zip</Filter>
    </ClCompile>
    <ClCompile Include="..\..\thirdparty\zlib\crc32.c">
      <Filter>源文件\zip</Filter>
    </ClCompile>
    <ClCompile Include="..\..\thirdparty\zlib\deflate.c">
      <Filter>源文件\zip</Filter>
    </ClCompile>
    <ClCompile Include="..\..\thirdparty\zlib\infback.c">
      <Filter>源文件\zip</Filter>
    </ClCompile>
    <ClCompile Include="..\..\thirdparty\zlib\inftrees.c">
      <Filter>源文件\zip</Filter>
    </ClCompile>
    <ClCompile Include="..\..\thirdparty\zlib\inflate.c">
      <Filter>源文件\zip</Filter>
    </ClCompile>
    <ClCompile Include="..\..\thirdparty\zlib\inffast.c">
      <Filter>源文件\zip</Filter>
    </ClCompile>
    <ClCompile Include="..\..\thirdparty\minizip\ioapi.c">
      <Filter>源文件\zip</Filter>
    </ClCompile>
    <ClCompile Include="..\..\thirdparty\minizip\ioapi_buf.c">
      <Filter>源文件\zip</Filter>
    </ClCompile>
    <ClCompile Include="..\..\thirdparty\minizip\ioapi_mem.c">
      <Filter>源文件\zip</Filter>
    </ClCompile>
    <ClCompile Include="..\..\thirdparty\minizip\iowin32.c">
      <Filter>源文件\zip</Filter>
    </ClCompile>
    <ClCompile Include="..\..\thirdparty\zlib\trees.c">
      <Filter>源文件\zip</Filter>
    </ClCompile>
    <ClCompile Include="..\..\thirdparty\zlib\uncompr.c">
      <Filter>源文件\zip</Filter>
    </ClCompile>
    <ClCompile Include="..\..\thirdparty\minizip\unzip.c">
      <Filter>源文件\zip</Filter>
    </ClCompile>
    <ClCompile Include="..\..\thirdparty\minizip\zip.c">
      <Filter>源文件\zip</Filter>
    </ClCompile>
    <ClCompile Include="..\..\thirdparty\zlib\zutil.c">
      <Filter>源文件\zip</Filter>
    </ClCompile>
    <ClCompile Include="..\..\thirdparty\zlib\compress.c">
      <Filter>源文件\zip</Filter>
    </ClCompile>
    <ClCompile Include="..\..\thirdparty\minizip\minizip.c">
      <Filter>源文件\zip</Filter>
    </ClCompile>
    <ClCompile Include="..\..\thirdparty\minizip\miniunz.c">
      <Filter>源文件\zip</Filter>
    </ClCompile>
    <ClCompile Include="..\..\thirdparty\zipper\CDirEntry.cpp">
      <Filter>源文件\zip</Filter>
    </ClCompile>
    <ClCompile Include="..\..\thirdparty\zipper\tools.cpp">
      <Filter>源文件\zip</Filter>
    </ClCompile>
    <ClCompile Include="..\..\thirdparty\zipper\unzipper.cpp">
      <Filter>源文件\zip</Filter>
    </ClCompile>
    <ClCompile Include="..\..\thirdparty\zipper\zipper.cpp">
      <Filter>源文件\zip</Filter>
    </ClCompile>
    <ClCompile Include="..\..\thirdparty\md5.c">
      <Filter>源文件</Filter>
    </ClCompile>
    <ClCompile Include="..\..\fni\std\std_Zip.cpp">
      <Filter>源文件\lib</Filter>
    </ClCompile>
    <ClCompile Include="..\..\fni\concurrent\concurrent_ConditionVar.cpp">
      <Filter>源文件\lib</Filter>
    </ClCompile>
    <ClCompile Include="..\..\fni\concurrent\concurrent_Thread.cpp">
      <Filter>源文件\lib</Filter>
    </ClCompile>
    <ClCompile Include="..\..\fni\concurrent\pod_concurrent_native.c">
      <Filter>源文件\lib</Filter>
    </ClCompile>
    <ClCompile Include="..\..\fni\concurrent\pod_concurrent_register.c">
      <Filter>源文件\lib</Filter>
    </ClCompile>
  </ItemGroup>
  <ItemGroup>
    <ClInclude Include="..\..\common\fcode\Buffer.h">
      <Filter>头文件</Filter>
    </ClInclude>
    <ClInclude Include="..\..\common\fcode\Code.h">
      <Filter>头文件</Filter>
    </ClInclude>
    <ClInclude Include="..\..\common\fcode\FAttr.h">
      <Filter>头文件</Filter>
    </ClInclude>
    <ClInclude Include="..\..\common\fcode\FPod.h">
      <Filter>头文件</Filter>
    </ClInclude>
    <ClInclude Include="..\..\common\fcode\FType.h">
      <Filter>头文件</Filter>
    </ClInclude>
    <ClInclude Include="..\..\common\fcode\PodLoader.h">
      <Filter>头文件</Filter>
    </ClInclude>
    <ClInclude Include="..\..\common\fcode\Printer.h">
      <Filter>头文件</Filter>
    </ClInclude>
    <ClInclude Include="..\..\common\fcode\ZipFile.h">
      <Filter>头文件</Filter>
    </ClInclude>
    <ClInclude Include="..\..\common\gc\Bitmap.hpp">
      <Filter>头文件</Filter>
    </ClInclude>
    <ClInclude Include="..\..\common\gc\BitmapTest.h">
      <Filter>头文件</Filter>
    </ClInclude>
    <ClInclude Include="..\..\common\gc\Gc.h">
      <Filter>头文件</Filter>
    </ClInclude>
    <ClInclude Include="..\..\common\gc\gci.h">
      <Filter>头文件</Filter>
    </ClInclude>
    <ClInclude Include="..\..\common\gc\gcobj.h">
      <Filter>头文件</Filter>
    </ClInclude>
    <ClInclude Include="..\..\common\ir\FCodeUtil.hpp">
      <Filter>头文件</Filter>
    </ClInclude>
    <ClInclude Include="..\..\common\ir\IRMethod.h">
      <Filter>头文件</Filter>
    </ClInclude>
    <ClInclude Include="..\..\common\ir\IRType.hpp">
      <Filter>头文件</Filter>
    </ClInclude>
    <ClInclude Include="..\..\common\ir\MBuilder.hpp">
      <Filter>头文件</Filter>
    </ClInclude>
    <ClInclude Include="..\..\common\ir\Stmt.hpp">
      <Filter>头文件</Filter>
    </ClInclude>
    <ClInclude Include="..\..\common\util\escape.h">
      <Filter>头文件</Filter>
    </ClInclude>
    <ClInclude Include="..\..\common\util\LinkedList.h">
      <Filter>头文件</Filter>
    </ClInclude>
    <ClInclude Include="..\..\common\util\miss.h">
      <Filter>头文件</Filter>
    </ClInclude>
    <ClInclude Include="..\..\common\util\system.h">
      <Filter>头文件</Filter>
    </ClInclude>
    <ClInclude Include="..\..\common\util\tinycthread.h">
      <Filter>头文件</Filter>
    </ClInclude>
    <ClInclude Include="..\..\common\util\utf8.h">
      <Filter>头文件</Filter>
    </ClInclude>
    <ClInclude Include="..\..\fni\fni.h">
      <Filter>头文件</Filter>
    </ClInclude>
    <ClInclude Include="..\..\fni\fni_private.h">
      <Filter>头文件</Filter>
    </ClInclude>
    <ClInclude Include="..\..\fni\sys\pod_sys_native.h">
      <Filter>头文件</Filter>
    </ClInclude>
    <ClInclude Include="..\..\thirdparty\zlib\crc32.h">
      <Filter>头文件</Filter>
    </ClInclude>
    <ClInclude Include="..\..\thirdparty\zlib\deflate.h">
      <Filter>头文件</Filter>
    </ClInclude>
    <ClInclude Include="..\..\thirdparty\zlib\inffast.h">
      <Filter>头文件</Filter>
    </ClInclude>
    <ClInclude Include="..\..\thirdparty\zlib\inffixed.h">
      <Filter>头文件</Filter>
    </ClInclude>
    <ClInclude Include="..\..\thirdparty\zlib\inflate.h">
      <Filter>头文件</Filter>
    </ClInclude>
    <ClInclude Include="..\..\thirdparty\zlib\inftrees.h">
      <Filter>头文件</Filter>
    </ClInclude>
    <ClInclude Include="..\..\thirdparty\zlib\trees.h">
      <Filter>头文件</Filter>
    </ClInclude>
    <ClInclude Include="..\..\thirdparty\zlib\zconf.h">
      <Filter>头文件</Filter>
    </ClInclude>
    <ClInclude Include="..\..\thirdparty\zlib\zconf.in.h">
      <Filter>头文件</Filter>
    </ClInclude>
    <ClInclude Include="..\..\thirdparty\zlib\zlib.h">
      <Filter>头文件</Filter>
    </ClInclude>
    <ClInclude Include="..\..\thirdparty\zlib\zutil.h">
      <Filter>头文件</Filter>
    </ClInclude>
    <ClInclude Include="..\..\thirdparty\minizip\crypt.h">
      <Filter>头文件</Filter>
    </ClInclude>
    <ClInclude Include="..\..\thirdparty\minizip\ioapi.h">
      <Filter>头文件</Filter>
    </ClInclude>
    <ClInclude Include="..\..\thirdparty\minizip\ioapi_buf.h">
      <Filter>头文件</Filter>
    </ClInclude>
    <ClInclude Include="..\..\thirdparty\minizip\ioapi_mem.h">
      <Filter>头文件</Filter>
    </ClInclude>
    <ClInclude Include="..\..\thirdparty\minizip\iowin32.h">
      <Filter>头文件</Filter>
    </ClInclude>
    <ClInclude Include="..\..\thirdparty\minizip\unzip.h">
      <Filter>头文件</Filter>
    </ClInclude>
    <ClInclude Include="..\..\thirdparty\minizip\zip.h">
      <Filter>头文件</Filter>
    </ClInclude>
    <ClInclude Include="..\..\vm\vm\Env.h">
      <Filter>头文件</Filter>
    </ClInclude>
    <ClInclude Include="..\..\vm\vm\ExeEngine.h">
      <Filter>头文件</Filter>
    </ClInclude>
    <ClInclude Include="..\..\vm\vm\fni_ext.h">
      <Filter>头文件</Filter>
    </ClInclude>
    <ClInclude Include="..\..\vm\vm\Interpreter.h">
      <Filter>头文件</Filter>
    </ClInclude>
    <ClInclude Include="..\..\vm\vm\NativeGen.h">
      <Filter>头文件</Filter>
    </ClInclude>
    <ClInclude Include="..\..\vm\vm\PodManager.h">
      <Filter>头文件</Filter>
    </ClInclude>
    <ClInclude Include="..\..\vm\vm\Vm.h">
      <Filter>头文件</Filter>
    </ClInclude>
    <ClInclude Include="..\..\fni\std\pod_std_native.h">
      <Filter>头文件</Filter>
    </ClInclude>
    <ClInclude Include="..\..\vm\vm\sys_runtime.h">
      <Filter>头文件</Filter>
    </ClInclude>
    <ClInclude Include="..\..\thirdparty\zipper\CDirEntry.h">
      <Filter>源文件\zip</Filter>
    </ClInclude>
    <ClInclude Include="..\..\thirdparty\zipper\defs.h">
      <Filter>源文件\zip</Filter>
    </ClInclude>
    <ClInclude Include="..\..\thirdparty\zipper\tools.h">
      <Filter>源文件\zip</Filter>
    </ClInclude>
    <ClInclude Include="..\..\thirdparty\zipper\unzipper.h">
      <Filter>源文件\zip</Filter>
    </ClInclude>
    <ClInclude Include="..\..\thirdparty\zipper\zipper.h">
      <Filter>源文件\zip</Filter>
    </ClInclude>
    <ClInclude Include="..\..\fni\concurrent\pod_concurrent_native.h">
      <Filter>源文件\lib</Filter>
    </ClInclude>
  </ItemGroup>
  <ItemGroup>
    <Text Include="..\..\common\util\README.txt" />
  </ItemGroup>
  <ItemGroup>
    <None Include="..\..\thirdparty\zlib\README" />
  </ItemGroup>
</Project>