<?xml version="1.0" encoding="utf-8"?>
<Project ToolsVersion="4.0" xmlns="http://schemas.microsoft.com/developer/msbuild/2003">
  <ItemGroup>
    <Filter Include="源文件">
      <UniqueIdentifier>{4FC737F1-C7A5-4376-A066-2A32D752A2FF}</UniqueIdentifier>
      <Extensions>cpp;c;cc;cxx;c++;cppm;ixx;def;odl;idl;hpj;bat;asm;asmx</Extensions>
    </Filter>
    <Filter Include="头文件">
      <UniqueIdentifier>{93995380-89BD-4b04-88EB-625FBE52EBFB}</UniqueIdentifier>
      <Extensions>h;hh;hpp;hxx;h++;hm;inl;inc;ipp;xsd</Extensions>
    </Filter>
    <Filter Include="资源文件">
      <UniqueIdentifier>{67DA6AB6-F800-4c08-8B7A-83BB121AAD01}</UniqueIdentifier>
      <Extensions>rc;ico;cur;bmp;dlg;rc2;rct;bin;rgs;gif;jpg;jpeg;jpe;resx;tiff;tif;png;wav;mfcribbon-ms</Extensions>
    </Filter>
  </ItemGroup>
  <ItemGroup>
    <ClCompile Include="..\..\gen\runtime\main.c">
      <Filter>源文件</Filter>
    </ClCompile>
    <ClCompile Include="..\..\gen\runtime\runtime.cpp">
      <Filter>源文件</Filter>
    </ClCompile>
    <ClCompile Include="..\..\gen\runtime\type.cpp">
      <Filter>源文件</Filter>
    </ClCompile>
    <ClCompile Include="..\..\common\gc\Gc.cpp">
      <Filter>源文件</Filter>
    </ClCompile>
    <ClCompile Include="..\..\common\util\escape.cpp">
      <Filter>源文件</Filter>
    </ClCompile>
    <ClCompile Include="..\..\common\util\LinkedList.c">
      <Filter>源文件</Filter>
    </ClCompile>
    <ClCompile Include="..\..\common\util\system.c">
      <Filter>源文件</Filter>
    </ClCompile>
    <ClCompile Include="..\..\common\util\tinycthread.c">
      <Filter>源文件</Filter>
    </ClCompile>
    <ClCompile Include="..\..\common\util\utf8.c">
      <Filter>源文件</Filter>
    </ClCompile>
    <ClCompile Include="..\..\fni\sys\sys_Array.c">
      <Filter>源文件</Filter>
    </ClCompile>
    <ClCompile Include="..\..\fni\sys\sys_Bool.c">
      <Filter>源文件</Filter>
    </ClCompile>
    <ClCompile Include="..\..\fni\sys\sys_Enum.c">
      <Filter>源文件</Filter>
    </ClCompile>
    <ClCompile Include="..\..\fni\sys\sys_Float.c">
      <Filter>源文件</Filter>
    </ClCompile>
    <ClCompile Include="..\..\fni\sys\sys_Func.c">
      <Filter>源文件</Filter>
    </ClCompile>
    <ClCompile Include="..\..\fni\sys\sys_Int.c">
      <Filter>源文件</Filter>
    </ClCompile>
    <ClCompile Include="..\..\fni\sys\sys_NativeC.c">
      <Filter>源文件</Filter>
    </ClCompile>
    <ClCompile Include="..\..\fni\sys\sys_Num.c">
      <Filter>源文件</Filter>
    </ClCompile>
    <ClCompile Include="..\..\fni\sys\sys_Obj.cpp">
      <Filter>源文件</Filter>
    </ClCompile>
    <ClCompile Include="..\..\fni\sys\sys_Ptr.c">
      <Filter>源文件</Filter>
    </ClCompile>
    <ClCompile Include="..\..\gen\temp\baseTest.c">
      <Filter>源文件</Filter>
    </ClCompile>
    <ClCompile Include="..\..\gen\temp\sys.c">
      <Filter>源文件</Filter>
    </ClCompile>
    <ClCompile Include="..\..\gen\runtime\sys_runtime.c">
      <Filter>源文件</Filter>
    </ClCompile>
    <ClCompile Include="..\..\gen\runtime\fni_ext.cpp">
      <Filter>源文件</Filter>
    </ClCompile>
    <ClCompile Include="..\..\gen\runtime\Env.cpp">
      <Filter>源文件</Filter>
    </ClCompile>
    <ClCompile Include="..\..\gen\runtime\Vm.cpp">
      <Filter>源文件</Filter>
    </ClCompile>
    <ClCompile Include="..\..\fni\fni.cpp">
      <Filter>源文件</Filter>
    </ClCompile>
    <ClCompile Include="..\..\fni\std\std_BaseType.cpp">
      <Filter>源文件</Filter>
    </ClCompile>
    <ClCompile Include="..\..\fni\std\std_BufCrypto.c">
      <Filter>源文件</Filter>
    </ClCompile>
    <ClCompile Include="..\..\fni\std\std_Decimal.c">
      <Filter>源文件</Filter>
    </ClCompile>
    <ClCompile Include="..\..\fni\std\std_Env.c">
      <Filter>源文件</Filter>
    </ClCompile>
    <ClCompile Include="..\..\fni\std\std_Field.c">
      <Filter>源文件</Filter>
    </ClCompile>
    <ClCompile Include="..\..\fni\std\std_FileBuf.c">
      <Filter>源文件</Filter>
    </ClCompile>
    <ClCompile Include="..\..\fni\std\std_LocalFile.c">
      <Filter>源文件</Filter>
    </ClCompile>
    <ClCompile Include="..\..\fni\std\std_Method.c">
      <Filter>源文件</Filter>
    </ClCompile>
    <ClCompile Include="..\..\fni\std\std_NioBuf.c">
      <Filter>源文件</Filter>
    </ClCompile>
    <ClCompile Include="..\..\fni\std\std_Pod.cpp">
      <Filter>源文件</Filter>
    </ClCompile>
    <ClCompile Include="..\..\fni\std\std_PodList.cpp">
      <Filter>源文件</Filter>
    </ClCompile>
    <ClCompile Include="..\..\fni\std\std_Process.c">
      <Filter>源文件</Filter>
    </ClCompile>
    <ClCompile Include="..\..\fni\std\std_SysInStream.c">
      <Filter>源文件</Filter>
    </ClCompile>
    <ClCompile Include="..\..\fni\std\std_SysOutStream.c">
      <Filter>源文件</Filter>
    </ClCompile>
    <ClCompile Include="..\..\fni\std\std_TimeZone.c">
      <Filter>源文件</Filter>
    </ClCompile>
    <ClCompile Include="..\..\fni\std\std_Type.c">
      <Filter>源文件</Filter>
    </ClCompile>
    <ClCompile Include="..\..\fni\std\std_Zip.c">
      <Filter>源文件</Filter>
    </ClCompile>
    <ClCompile Include="..\..\gen\temp\std.c">
      <Filter>源文件</Filter>
    </ClCompile>
    <ClCompile Include="..\..\fni\std\std_FileSystem.cpp">
      <Filter>源文件</Filter>
    </ClCompile>
    <ClCompile Include="..\..\fni\std\std_DateTime.cpp">
      <Filter>源文件</Filter>
    </ClCompile>
    <ClCompile Include="..\..\fni\std\std_AtomicBool.cpp">
      <Filter>源文件</Filter>
    </ClCompile>
    <ClCompile Include="..\..\fni\std\std_AtomicInt.cpp">
      <Filter>源文件</Filter>
    </ClCompile>
    <ClCompile Include="..\..\fni\std\std_AtomicRef.cpp">
      <Filter>源文件</Filter>
    </ClCompile>
    <ClCompile Include="..\..\fni\std\std_Lock.cpp">
      <Filter>源文件</Filter>
    </ClCompile>
    <ClCompile Include="..\..\fni\std\std_NativeCharset.cpp">
      <Filter>源文件</Filter>
    </ClCompile>
    <ClCompile Include="..\..\fni\std\std_Locale.cpp">
      <Filter>源文件</Filter>
    </ClCompile>
    <ClCompile Include="..\..\fni\std\std_Math.c">
      <Filter>源文件</Filter>
    </ClCompile>
    <ClCompile Include="..\..\fni\std\std_Regex.cpp">
      <Filter>源文件</Filter>
    </ClCompile>
    <ClCompile Include="..\..\fni\std\std_RegexMatcher.cpp">
      <Filter>源文件</Filter>
    </ClCompile>
    <ClCompile Include="..\..\fni\std\std_UuidFactory.c">
      <Filter>源文件</Filter>
    </ClCompile>
    <ClCompile Include="..\..\fni\std\std_TimePoint.cpp">
      <Filter>源文件</Filter>
    </ClCompile>
  </ItemGroup>
  <ItemGroup>
    <ClInclude Include="..\..\gen\runtime\runtime.h">
      <Filter>头文件</Filter>
    </ClInclude>
    <ClInclude Include="..\..\gen\runtime\type.h">
      <Filter>头文件</Filter>
    </ClInclude>
    <ClInclude Include="..\..\common\gc\Bitmap.hpp">
      <Filter>头文件</Filter>
    </ClInclude>
    <ClInclude Include="..\..\common\gc\BitmapTest.h">
      <Filter>头文件</Filter>
    </ClInclude>
    <ClInclude Include="..\..\common\gc\Gc.h">
      <Filter>头文件</Filter>
    </ClInclude>
    <ClInclude Include="..\..\common\gc\gci.h">
      <Filter>头文件</Filter>
    </ClInclude>
    <ClInclude Include="..\..\common\gc\gcobj.h">
      <Filter>头文件</Filter>
    </ClInclude>
    <ClInclude Include="..\..\common\util\escape.h">
      <Filter>头文件</Filter>
    </ClInclude>
    <ClInclude Include="..\..\common\util\LinkedList.h">
      <Filter>头文件</Filter>
    </ClInclude>
    <ClInclude Include="..\..\common\util\miss.h">
      <Filter>头文件</Filter>
    </ClInclude>
    <ClInclude Include="..\..\common\util\system.h">
      <Filter>头文件</Filter>
    </ClInclude>
    <ClInclude Include="..\..\common\util\tinycthread.h">
      <Filter>头文件</Filter>
    </ClInclude>
    <ClInclude Include="..\..\common\util\utf8.h">
      <Filter>头文件</Filter>
    </ClInclude>
    <ClInclude Include="..\..\gen\temp\baseTest.h">
      <Filter>源文件</Filter>
    </ClInclude>
    <ClInclude Include="..\..\gen\temp\baseTest_prototype.h">
      <Filter>源文件</Filter>
    </ClInclude>
    <ClInclude Include="..\..\gen\temp\sys.h">
      <Filter>源文件</Filter>
    </ClInclude>
    <ClInclude Include="..\..\gen\temp\sys_prototype.h">
      <Filter>源文件</Filter>
    </ClInclude>
    <ClInclude Include="..\..\fni\fni_private.h">
      <Filter>头文件</Filter>
    </ClInclude>
    <ClInclude Include="..\..\gen\runtime\fni_ext.h">
      <Filter>头文件</Filter>
    </ClInclude>
    <ClInclude Include="..\..\gen\runtime\Env.hpp">
      <Filter>头文件</Filter>
    </ClInclude>
    <ClInclude Include="..\..\gen\runtime\Vm.hpp">
      <Filter>头文件</Filter>
    </ClInclude>
    <ClInclude Include="..\..\fni\fni.h">
      <Filter>头文件</Filter>
    </ClInclude>
    <ClInclude Include="..\..\gen\temp\std.h">
      <Filter>头文件</Filter>
    </ClInclude>
    <ClInclude Include="..\..\gen\temp\std_prototype.h">
      <Filter>头文件</Filter>
    </ClInclude>
  </ItemGroup>
</Project>